# This file is automatically @generated by Cargo.
# It is not intended for manual editing.
version = 4

[[package]]
name = "api"
version = "0.1.0"

[[package]]
name = "bundle"
version = "0.1.0"

[[package]]
name = "cdn"
version = "0.1.0"

[[package]]
name = "connections"
version = "0.1.0"

[[package]]
name = "gateway"
version = "0.1.0"

[[package]]
name = "util"
version = "0.1.0"

[[package]]
name = "webrtc"
version = "0.1.0"
